
Microsoft Visual Studio Solution File, Format Version 12.00
# Visual Studio Version 17
VisualStudioVersion = 17.5.33530.505
MinimumVisualStudioVersion = 10.0.40219.1
Project("{FAE04EC0-301F-11D3-BF4B-00C04F79EFBC}") = "WebApplication1", "WebApplication1\WebApplication1.csproj", "{41CB7FF9-9B64-4263-9179-41B6004F3334}"
EndProject
Global
	GlobalSection(SolutionConfigurationPlatforms) = preSolution
		Debug|Any CPU = Debug|Any CPU
		Release|Any CPU = Release|Any CPU
	EndGlobalSection
	GlobalSection(ProjectConfigurationPlatforms) = postSolution
		{41CB7FF9-9B64-4263-9179-41B6004F3334}.Debug|Any CPU.ActiveCfg = Debug|Any CPU
		{41CB7FF9-9B64-4263-9179-41B6004F3334}.Debug|Any CPU.Build.0 = Debug|Any CPU
		{41CB7FF9-9B64-4263-9179-41B6004F3334}.Release|Any CPU.ActiveCfg = Release|Any CPU
		{41CB7FF9-9B64-4263-9179-41B6004F3334}.Release|Any CPU.Build.0 = Release|Any CPU
	EndGlobalSection
	GlobalSection(SolutionProperties) = preSolution
		HideSolutionNode = FALSE
	EndGlobalSection
	GlobalSection(ExtensibilityGlobals) = postSolution
		SolutionGuid = {27169426-061E-4E6C-BE19-9F8E0D033AA9}
	EndGlobalSection
EndGlobal
